// !$*UTF8*$!
{
	archiveVersion = 1;
	classes = {
	};
	objectVersion = 46;
	objects = {

/* Begin PBXBuildFile section */
		597A3C5919EA2B07000F5F15 /* AppDelegate.swift in Sources */ = {isa = PBXBuildFile; fileRef = 597A3C5819EA2B07000F5F15 /* AppDelegate.swift */; };
		597A3C5B19EA2B07000F5F15 /* ViewController.swift in Sources */ = {isa = PBXBuildFile; fileRef = 597A3C5A19EA2B07000F5F15 /* ViewController.swift */; };
		597A3C5E19EA2B07000F5F15 /* Main.storyboard in Resources */ = {isa = PBXBuildFile; fileRef = 597A3C5C19EA2B07000F5F15 /* Main.storyboard */; };
		597A3C6019EA2B07000F5F15 /* Images.xcassets in Resources */ = {isa = PBXBuildFile; fileRef = 597A3C5F19EA2B07000F5F15 /* Images.xcassets */; };
		597A3C6319EA2B07000F5F15 /* LaunchScreen.xib in Resources */ = {isa = PBXBuildFile; fileRef = 597A3C6119EA2B07000F5F15 /* LaunchScreen.xib */; };
		597A3C6F19EA2B07000F5F15 /* ScriviewsTests.swift in Sources */ = {isa = PBXBuildFile; fileRef = 597A3C6E19EA2B07000F5F15 /* ScriviewsTests.swift */; };
/* End PBXBuildFile section */

/* Begin PBXContainerItemProxy section */
		597A3C6919EA2B07000F5F15 /* PBXContainerItemProxy */ = {
			isa = PBXContainerItemProxy;
			containerPortal = 597A3C4B19EA2B07000F5F15 /* Project object */;
			proxyType = 1;
			remoteGlobalIDString = 597A3C5219EA2B07000F5F15;
			remoteInfo = Scriviews;
		};
/* End PBXContainerItemProxy section */

/* Begin PBXFileReference section */
		597A3C5319EA2B07000F5F15 /* Scriviews.app */ = {isa = PBXFileReference; explicitFileType = wrapper.application; includeInIndex = 0; path = Scriviews.app; sourceTree = BUILT_PRODUCTS_DIR; };
		597A3C5719EA2B07000F5F15 /* Info.plist */ = {isa = PBXFileReference; lastKnownFileType = text.plist.xml; path = Info.plist; sourceTree = "<group>"; };
		597A3C5819EA2B07000F5F15 /* AppDelegate.swift */ = {isa = PBXFileReference; lastKnownFileType = sourcecode.swift; path = AppDelegate.swift; sourceTree = "<group>"; };
		597A3C5A19EA2B07000F5F15 /* ViewController.swift */ = {isa = PBXFileReference; lastKnownFileType = sourcecode.swift; path = ViewController.swift; sourceTree = "<group>"; };
		597A3C5D19EA2B07000F5F15 /* Base */ = {isa = PBXFileReference; lastKnownFileType = file.storyboard; name = Base; path = Base.lproj/Main.storyboard; sourceTree = "<group>"; };
		597A3C5F19EA2B07000F5F15 /* Images.xcassets */ = {isa = PBXFileReference; lastKnownFileType = folder.assetcatalog; path = Images.xcassets; sourceTree = "<group>"; };
		597A3C6219EA2B07000F5F15 /* Base */ = {isa = PBXFileReference; lastKnownFileType = file.xib; name = Base; path = Base.lproj/LaunchScreen.xib; sourceTree = "<group>"; };
		597A3C6819EA2B07000F5F15 /* ScriviewsTests.xctest */ = {isa = PBXFileReference; explicitFileType = wrapper.cfbundle; includeInIndex = 0; path = ScriviewsTests.xctest; sourceTree = BUILT_PRODUCTS_DIR; };
		597A3C6D19EA2B07000F5F15 /* Info.plist */ = {isa = PBXFileReference; lastKnownFileType = text.plist.xml; path = Info.plist; sourceTree = "<group>"; };
		597A3C6E19EA2B07000F5F15 /* ScriviewsTests.swift */ = {isa = PBXFileReference; lastKnownFileType = sourcecode.swift; path = ScriviewsTests.swift; sourceTree = "<group>"; };
/* End PBXFileReference section */

/* Begin PBXFrameworksBuildPhase section */
		597A3C5019EA2B07000F5F15 /* Frameworks */ = {
			isa = PBXFrameworksBuildPhase;
			buildActionMask = 2147483647;
			files = (
			);
			runOnlyForDeploymentPostprocessing = 0;
		};
		597A3C6519EA2B07000F5F15 /* Frameworks */ = {
			isa = PBXFrameworksBuildPhase;
			buildActionMask = 2147483647;
			files = (
			);
			runOnlyForDeploymentPostprocessing = 0;
		};
/* End PBXFrameworksBuildPhase section */

/* Begin PBXGroup section */
		597A3C4A19EA2B07000F5F15 = {
			isa = PBXGroup;
			children = (
				597A3C5519EA2B07000F5F15 /* Scriviews */,
				597A3C6B19EA2B07000F5F15 /* ScriviewsTests */,
				597A3C5419EA2B07000F5F15 /* Products */,
			);
			sourceTree = "<group>";
		};
		597A3C5419EA2B07000F5F15 /* Products */ = {
			isa = PBXGroup;
			children = (
				597A3C5319EA2B07000F5F15 /* Scriviews.app */,
				597A3C6819EA2B07000F5F15 /* ScriviewsTests.xctest */,
			);
			name = Products;
			sourceTree = "<group>";
		};
		597A3C5519EA2B07000F5F15 /* Scriviews */ = {
			isa = PBXGroup;
			children = (
				597A3C5819EA2B07000F5F15 /* AppDelegate.swift */,
				597A3C5A19EA2B07000F5F15 /* ViewController.swift */,
				597A3C5C19EA2B07000F5F15 /* Main.storyboard */,
				597A3C5F19EA2B07000F5F15 /* Images.xcassets */,
				597A3C6119EA2B07000F5F15 /* LaunchScreen.xib */,
				597A3C5619EA2B07000F5F15 /* Supporting Files */,
			);
			path = Scriviews;
			sourceTree = "<group>";
		};
		597A3C5619EA2B07000F5F15 /* Supporting Files */ = {
			isa = PBXGroup;
			children = (
				597A3C5719EA2B07000F5F15 /* Info.plist */,
			);
			name = "Supporting Files";
			sourceTree = "<group>";
		};
		597A3C6B19EA2B07000F5F15 /* ScriviewsTests */ = {
			isa = PBXGroup;
			children = (
				597A3C6E19EA2B07000F5F15 /* ScriviewsTests.swift */,
				597A3C6C19EA2B07000F5F15 /* Supporting Files */,
			);
			path = ScriviewsTests;
			sourceTree = "<group>";
		};
		597A3C6C19EA2B07000F5F15 /* Supporting Files */ = {
			isa = PBXGroup;
			children = (
				597A3C6D19EA2B07000F5F15 /* Info.plist */,
			);
			name = "Supporting Files";
			sourceTree = "<group>";
		};
/* End PBXGroup section */

/* Begin PBXNativeTarget section */
		597A3C5219EA2B07000F5F15 /* Scriviews */ = {
			isa = PBXNativeTarget;
			buildConfigurationList = 597A3C7219EA2B07000F5F15 /* Build configuration list for PBXNativeTarget "Scriviews" */;
			buildPhases = (
				597A3C4F19EA2B07000F5F15 /* Sources */,
				597A3C5019EA2B07000F5F15 /* Frameworks */,
				597A3C5119EA2B07000F5F15 /* Resources */,
			);
			buildRules = (
			);
			dependencies = (
			);
			name = Scriviews;
			productName = Scriviews;
			productReference = 597A3C5319EA2B07000F5F15 /* Scriviews.app */;
			productType = "com.apple.product-type.application";
		};
		597A3C6719EA2B07000F5F15 /* ScriviewsTests */ = {
			isa = PBXNativeTarget;
			buildConfigurationList = 597A3C7519EA2B07000F5F15 /* Build configuration list for PBXNativeTarget "ScriviewsTests" */;
			buildPhases = (
				597A3C6419EA2B07000F5F15 /* Sources */,
				597A3C6519EA2B07000F5F15 /* Frameworks */,
				597A3C6619EA2B07000F5F15 /* Resources */,
			);
			buildRules = (
			);
			dependencies = (
				597A3C6A19EA2B07000F5F15 /* PBXTargetDependency */,
			);
			name = ScriviewsTests;
			productName = ScriviewsTests;
			productReference = 597A3C6819EA2B07000F5F15 /* ScriviewsTests.xctest */;
			productType = "com.apple.product-type.bundle.unit-test";
		};
/* End PBXNativeTarget section */

/* Begin PBXProject section */
		597A3C4B19EA2B07000F5F15 /* Project object */ = {
			isa = PBXProject;
			attributes = {
				LastUpgradeCheck = 0600;
				ORGANIZATIONNAME = "Sakun Labs";
				TargetAttributes = {
					597A3C5219EA2B07000F5F15 = {
						CreatedOnToolsVersion = 6.0.1;
					};
					597A3C6719EA2B07000F5F15 = {
						CreatedOnToolsVersion = 6.0.1;
						TestTargetID = 597A3C5219EA2B07000F5F15;
					};
				};
			};
			buildConfigurationList = 597A3C4E19EA2B07000F5F15 /* Build configuration list for PBXProject "Scriviews" */;
			compatibilityVersion = "Xcode 3.2";
			developmentRegion = English;
			hasScannedForEncodings = 0;
			knownRegions = (
				en,
				Base,
			);
			mainGroup = 597A3C4A19EA2B07000F5F15;
			productRefGroup = 597A3C5419EA2B07000F5F15 /* Products */;
			projectDirPath = "";
			projectRoot = "";
			targets = (
				597A3C5219EA2B07000F5F15 /* Scriviews */,
				597A3C6719EA2B07000F5F15 /* ScriviewsTests */,
			);
		};
/* End PBXProject section */

/* Begin PBXResourcesBuildPhase section */
		597A3C5119EA2B07000F5F15 /* Resources */ = {
			isa = PBXResourcesBuildPhase;
			buildActionMask = 2147483647;
			files = (
				597A3C5E19EA2B07000F5F15 /* Main.storyboard in Resources */,
				597A3C6319EA2B07000F5F15 /* LaunchScreen.xib in Resources */,
				597A3C6019EA2B07000F5F15 /* Images.xcassets in Resources */,
			);
			runOnlyForDeploymentPostprocessing = 0;
		};
		597A3C6619EA2B07000F5F15 /* Resources */ = {
			isa = PBXResourcesBuildPhase;
			buildActionMask = 2147483647;
			files = (
			);
			runOnlyForDeploymentPostprocessing = 0;
		};
/* End PBXResourcesBuildPhase section */

/* Begin PBXSourcesBuildPhase section */
		597A3C4F19EA2B07000F5F15 /* Sources */ = {
			isa = PBXSourcesBuildPhase;
			buildActionMask = 2147483647;
			files = (
				597A3C5B19EA2B07000F5F15 /* ViewController.swift in Sources */,
				597A3C5919EA2B07000F5F15 /* AppDelegate.swift in Sources */,
			);
			runOnlyForDeploymentPostprocessing = 0;
		};
		597A3C6419EA2B07000F5F15 /* Sources */ = {
			isa = PBXSourcesBuildPhase;
			buildActionMask = 2147483647;
			files = (
				597A3C6F19EA2B07000F5F15 /* ScriviewsTests.swift in Sources */,
			);
			runOnlyForDeploymentPostprocessing = 0;
		};
/* End PBXSourcesBuildPhase section */

/* Begin PBXTargetDependency section */
		597A3C6A19EA2B07000F5F15 /* PBXTargetDependency */ = {
			isa = PBXTargetDependency;
			target = 597A3C5219EA2B07000F5F15 /* Scriviews */;
			targetProxy = 597A3C6919EA2B07000F5F15 /* PBXContainerItemProxy */;
		};
/* End PBXTargetDependency section */

/* Begin PBXVariantGroup section */
		597A3C5C19EA2B07000F5F15 /* Main.storyboard */ = {
			isa = PBXVariantGroup;
			children = (
				597A3C5D19EA2B07000F5F15 /* Base */,
			);
			name = Main.storyboard;
			sourceTree = "<group>";
		};
		597A3C6119EA2B07000F5F15 /* LaunchScreen.xib */ = {
			isa = PBXVariantGroup;
			children = (
				597A3C6219EA2B07000F5F15 /* Base */,
			);
			name = LaunchScreen.xib;
			sourceTree = "<group>";
		};
/* End PBXVariantGroup section */

/* Begin XCBuildConfiguration section */
		597A3C7019EA2B07000F5F15 /* Debug */ = {
			isa = XCBuildConfiguration;
			buildSettings = {
				ALWAYS_SEARCH_USER_PATHS = NO;
				CLANG_CXX_LANGUAGE_STANDARD = "gnu++0x";
				CLANG_CXX_LIBRARY = "libc++";
				CLANG_ENABLE_MODULES = YES;
				CLANG_ENABLE_OBJC_ARC = YES;
				CLANG_WARN_BOOL_CONVERSION = YES;
				CLANG_WARN_CONSTANT_CONVERSION = YES;
				CLANG_WARN_DIRECT_OBJC_ISA_USAGE = YES_ERROR;
				CLANG_WARN_EMPTY_BODY = YES;
				CLANG_WARN_ENUM_CONVERSION = YES;
				CLANG_WARN_INT_CONVERSION = YES;
				CLANG_WARN_OBJC_ROOT_CLASS = YES_ERROR;
				CLANG_WARN_UNREACHABLE_CODE = YES;
				CLANG_WARN__DUPLICATE_METHOD_MATCH = YES;
				"CODE_SIGN_IDENTITY[sdk=iphoneos*]" = "iPhone Developer";
				COPY_PHASE_STRIP = NO;
				ENABLE_STRICT_OBJC_MSGSEND = YES;
				GCC_C_LANGUAGE_STANDARD = gnu99;
				GCC_DYNAMIC_NO_PIC = NO;
				GCC_OPTIMIZATION_LEVEL = 0;
				GCC_PREPROCESSOR_DEFINITIONS = (
					"DEBUG=1",
					"$(inherited)",
				);
				GCC_SYMBOLS_PRIVATE_EXTERN = NO;
				GCC_WARN_64_TO_32_BIT_CONVERSION = YES;
				GCC_WARN_ABOUT_RETURN_TYPE = YES_ERROR;
				GCC_WARN_UNDECLARED_SELECTOR = YES;
				GCC_WARN_UNINITIALIZED_AUTOS = YES_AGGRESSIVE;
				GCC_WARN_UNUSED_FUNCTION = YES;
				GCC_WARN_UNUSED_VARIABLE = YES;
				IPHONEOS_DEPLOYMENT_TARGET = 8.0;
				MTL_ENABLE_DEBUG_INFO = YES;
				ONLY_ACTIVE_ARCH = YES;
				SDKROOT = iphoneos;
				SWIFT_OPTIMIZATION_LEVEL = "-Onone";
				TARGETED_DEVICE_FAMILY = "1,2";
			};
			name = Debug;
		};
		597A3C7119EA2B07000F5F15 /* Release */ = {
			isa = XCBuildConfiguration;
			buildSettings = {
				ALWAYS_SEARCH_USER_PATHS = NO;
				CLANG_CXX_LANGUAGE_STANDARD = "gnu++0x";
				CLANG_CXX_LIBRARY = "libc++";
				CLANG_ENABLE_MODULES = YES;
				CLANG_ENABLE_OBJC_ARC = YES;
				CLANG_WARN_BOOL_CONVERSION = YES;
				CLANG_WARN_CONSTANT_CONVERSION = YES;
				CLANG_WARN_DIRECT_OBJC_ISA_USAGE = YES_ERROR;
				CLANG_WARN_EMPTY_BODY = YES;
				CLANG_WARN_ENUM_CONVERSION = YES;
				CLANG_WARN_INT_CONVERSION = YES;
				CLANG_WARN_OBJC_ROOT_CLASS = YES_ERROR;
				CLANG_WARN_UNREACHABLE_CODE = YES;
				CLANG_WARN__DUPLICATE_METHOD_MATCH = YES;
				"CODE_SIGN_IDENTITY[sdk=iphoneos*]" = "iPhone Developer";
				COPY_PHASE_STRIP = YES;
				ENABLE_NS_ASSERTIONS = NO;
				ENABLE_STRICT_OBJC_MSGSEND = YES;
				GCC_C_LANGUAGE_STANDARD = gnu99;
				GCC_WARN_64_TO_32_BIT_CONVERSION = YES;
				GCC_WARN_ABOUT_RETURN_TYPE = YES_ERROR;
				GCC_WARN_UNDECLARED_SELECTOR = YES;
				GCC_WARN_UNINITIALIZED_AUTOS = YES_AGGRESSIVE;
				GCC_WARN_UNUSED_FUNCTION = YES;
				GCC_WARN_UNUSED_VARIABLE = YES;
				IPHONEOS_DEPLOYMENT_TARGET = 8.0;
				MTL_ENABLE_DEBUG_INFO = NO;
				SDKROOT = iphoneos;
				TARGETED_DEVICE_FAMILY = "1,2";
				VALIDATE_PRODUCT = YES;
			};
			name = Release;
		};
		597A3C7319EA2B07000F5F15 /* Debug */ = {
			isa = XCBuildConfiguration;
			buildSettings = {
				ASSETCATALOG_COMPILER_APPICON_NAME = AppIcon;
				INFOPLIST_FILE = Scriviews/Info.plist;
				LD_RUNPATH_SEARCH_PATHS = "$(inherited) @executable_path/Frameworks";
				PRODUCT_NAME = "$(TARGET_NAME)";
			};
			name = Debug;
		};
		597A3C7419EA2B07000F5F15 /* Release */ = {
			isa = XCBuildConfiguration;
			buildSettings = {
				ASSETCATALOG_COMPILER_APPICON_NAME = AppIcon;
				INFOPLIST_FILE = Scriviews/Info.plist;
				LD_RUNPATH_SEARCH_PATHS = "$(inherited) @executable_path/Frameworks";
				PRODUCT_NAME = "$(TARGET_NAME)";
			};
			name = Release;
		};
		597A3C7619EA2B07000F5F15 /* Debug */ = {
			isa = XCBuildConfiguration;
			buildSettings = {
				BUNDLE_LOADER = "$(TEST_HOST)";
				FRAMEWORK_SEARCH_PATHS = (
					"$(SDKROOT)/Developer/Library/Frameworks",
					"$(inherited)",
				);
				GCC_PREPROCESSOR_DEFINITIONS = (
					"DEBUG=1",
					"$(inherited)",
				);
				INFOPLIST_FILE = ScriviewsTests/Info.plist;
				LD_RUNPATH_SEARCH_PATHS = "$(inherited) @executable_path/Frameworks @loader_path/Frameworks";
				PRODUCT_NAME = "$(TARGET_NAME)";
				TEST_HOST = "$(BUILT_PRODUCTS_DIR)/Scriviews.app/Scriviews";
			};
			name = Debug;
		};
		597A3C7719EA2B07000F5F15 /* Release */ = {
			isa = XCBuildConfiguration;
			buildSettings = {
				BUNDLE_LOADER = "$(TEST_HOST)";
				FRAMEWORK_SEARCH_PATHS = (
					"$(SDKROOT)/Developer/Library/Frameworks",
					"$(inherited)",
				);
				INFOPLIST_FILE = ScriviewsTests/Info.plist;
				LD_RUNPATH_SEARCH_PATHS = "$(inherited) @executable_path/Frameworks @loader_path/Frameworks";
				PRODUCT_NAME = "$(TARGET_NAME)";
				TEST_HOST = "$(BUILT_PRODUCTS_DIR)/Scriviews.app/Scriviews";
			};
			name = Release;
		};
/* End XCBuildConfiguration section */

/* Begin XCConfigurationList section */
		597A3C4E19EA2B07000F5F15 /* Build configuration list for PBXProject "Scriviews" */ = {
			isa = XCConfigurationList;
			buildConfigurations = (
				597A3C7019EA2B07000F5F15 /* Debug */,
				597A3C7119EA2B07000F5F15 /* Release */,
			);
			defaultConfigurationIsVisible = 0;
			defaultConfigurationName = Release;
		};
		597A3C7219EA2B07000F5F15 /* Build configuration list for PBXNativeTarget "Scriviews" */ = {
			isa = XCConfigurationList;
			buildConfigurations = (
				597A3C7319EA2B07000F5F15 /* Debug */,
				597A3C7419EA2B07000F5F15 /* Release */,
			);
			defaultConfigurationIsVisible = 0;
		};
		597A3C7519EA2B07000F5F15 /* Build configuration list for PBXNativeTarget "ScriviewsTests" */ = {
			isa = XCConfigurationList;
			buildConfigurations = (
				597A3C7619EA2B07000F5F15 /* Debug */,
				597A3C7719EA2B07000F5F15 /* Release */,
			);
			defaultConfigurationIsVisible = 0;
		};
/* End XCConfigurationList section */
	};
	rootObject = 597A3C4B19EA2B07000F5F15 /* Project object */;
}
